
Microsoft Visual Studio Solution File, Format Version 12.00
# Visual Studio Version 17
VisualStudioVersion = 17.13.35931.197 d17.13
MinimumVisualStudioVersion = 10.0.40219.1
Project("{FAE04EC0-301F-11D3-BF4B-00C04F79EFBC}") = "OsuManiaToolbox", "OsuManiaToolbox\OsuManiaToolbox.csproj", "{DC9F12DD-699B-441A-A1C0-83608830EC44}"
EndProject
Global
	GlobalSection(SolutionConfigurationPlatforms) = preSolution
		Debug|Any CPU = Debug|Any CPU
		Release|Any CPU = Release|Any CPU
	EndGlobalSection
	GlobalSection(ProjectConfigurationPlatforms) = postSolution
		{DC9F12DD-699B-441A-A1C0-83608830EC44}.Debug|Any CPU.ActiveCfg = Debug|Any CPU
		{DC9F12DD-699B-441A-A1C0-83608830EC44}.Debug|Any CPU.Build.0 = Debug|Any CPU
		{DC9F12DD-699B-441A-A1C0-83608830EC44}.Release|Any CPU.ActiveCfg = Release|Any CPU
		{DC9F12DD-699B-441A-A1C0-83608830EC44}.Release|Any CPU.Build.0 = Release|Any CPU
	EndGlobalSection
	GlobalSection(SolutionProperties) = preSolution
		HideSolutionNode = FALSE
	EndGlobalSection
	GlobalSection(ExtensibilityGlobals) = postSolution
		SolutionGuid = {3B35925D-5A37-4CE0-AFA8-AC441C076D50}
	EndGlobalSection
EndGlobal
